// !$*UTF8*$!
{
	archiveVersion = 1;
	classes = {
	};
	objectVersion = 56;
	objects = {

/* Begin PBXBuildFile section */
		BFAFE3135273EA1DBE17484C /* Pods_petProjectWheather_petProjectWheatherUITests.framework in Frameworks */ = {isa = PBXBuildFile; fileRef = BCD9942967C5503CF1DEE206 /* Pods_petProjectWheather_petProjectWheatherUITests.framework */; };
		C35FD7272D934D8000D16B1E /* CloudsBlock.swift in Sources */ = {isa = PBXBuildFile; fileRef = C35FD7262D934D8000D16B1E /* CloudsBlock.swift */; };
		C35FD7292D934F1600D16B1E /* PressureBlock.swift in Sources */ = {isa = PBXBuildFile; fileRef = C35FD7282D934F0900D16B1E /* PressureBlock.swift */; };
		C35FD72D2D93529E00D16B1E /* HumidityBlock.swift in Sources */ = {isa = PBXBuildFile; fileRef = C35FD72C2D93529C00D16B1E /* HumidityBlock.swift */; };
		C35FD72F2D93539B00D16B1E /* FeelsTemperatureBlock.swift in Sources */ = {isa = PBXBuildFile; fileRef = C35FD72E2D93539900D16B1E /* FeelsTemperatureBlock.swift */; };
		C35FD7312D9354AA00D16B1E /* SpeedWindBlock.swift in Sources */ = {isa = PBXBuildFile; fileRef = C35FD7302D9354A800D16B1E /* SpeedWindBlock.swift */; };
		C35FD7332D93562800D16B1E /* GustWindBlock.swift in Sources */ = {isa = PBXBuildFile; fileRef = C35FD7322D93562700D16B1E /* GustWindBlock.swift */; };
		C35FD7352D93563200D16B1E /* SunriseBlock.swift in Sources */ = {isa = PBXBuildFile; fileRef = C35FD7342D93563100D16B1E /* SunriseBlock.swift */; };
		C35FD7372D93563D00D16B1E /* SunsetBlock.swift in Sources */ = {isa = PBXBuildFile; fileRef = C35FD7362D93563C00D16B1E /* SunsetBlock.swift */; };
		C35FD7392D947E7A00D16B1E /* MainLabels.swift in Sources */ = {isa = PBXBuildFile; fileRef = C35FD7382D947E6300D16B1E /* MainLabels.swift */; };
		C35FD73B2D94865F00D16B1E /* ForecastHandler.swift in Sources */ = {isa = PBXBuildFile; fileRef = C35FD73A2D94865A00D16B1E /* ForecastHandler.swift */; };
		C35FD73F2D94896D00D16B1E /* ForecastButton.swift in Sources */ = {isa = PBXBuildFile; fileRef = C35FD73E2D94896700D16B1E /* ForecastButton.swift */; };
		C3B18C382D9593BF006D032F /* CityChangeHandler.swift in Sources */ = {isa = PBXBuildFile; fileRef = C3B18C372D9593B8006D032F /* CityChangeHandler.swift */; };
		C3B18C3A2D959CBE006D032F /* ScrollRefreshHandler.swift in Sources */ = {isa = PBXBuildFile; fileRef = C3B18C392D959CBC006D032F /* ScrollRefreshHandler.swift */; };
		DFC978D9A40F58CE0ABD82C7 /* Pods_petProjectWheatherTests.framework in Frameworks */ = {isa = PBXBuildFile; fileRef = 740EA94E70C3B49749344FAC /* Pods_petProjectWheatherTests.framework */; };
		F01E4EF42D64FA8800FD21B4 /* AppDelegate.swift in Sources */ = {isa = PBXBuildFile; fileRef = F01E4EF32D64FA8800FD21B4 /* AppDelegate.swift */; };
		F01E4EF62D64FA8800FD21B4 /* SceneDelegate.swift in Sources */ = {isa = PBXBuildFile; fileRef = F01E4EF52D64FA8800FD21B4 /* SceneDelegate.swift */; };
		F01E4EF82D64FA8800FD21B4 /* ViewController.swift in Sources */ = {isa = PBXBuildFile; fileRef = F01E4EF72D64FA8800FD21B4 /* ViewController.swift */; };
		F01E4EFB2D64FA8800FD21B4 /* Main.storyboard in Resources */ = {isa = PBXBuildFile; fileRef = F01E4EF92D64FA8800FD21B4 /* Main.storyboard */; };
		F01E4EFD2D64FA8D00FD21B4 /* Assets.xcassets in Resources */ = {isa = PBXBuildFile; fileRef = F01E4EFC2D64FA8D00FD21B4 /* Assets.xcassets */; };
		F01E4F002D64FA8D00FD21B4 /* LaunchScreen.storyboard in Resources */ = {isa = PBXBuildFile; fileRef = F01E4EFE2D64FA8D00FD21B4 /* LaunchScreen.storyboard */; };
		F01E4F0B2D64FA8E00FD21B4 /* petProjectWheatherTests.swift in Sources */ = {isa = PBXBuildFile; fileRef = F01E4F0A2D64FA8E00FD21B4 /* petProjectWheatherTests.swift */; };
		F01E4F152D64FA8E00FD21B4 /* petProjectWheatherUITests.swift in Sources */ = {isa = PBXBuildFile; fileRef = F01E4F142D64FA8E00FD21B4 /* petProjectWheatherUITests.swift */; };
		F01E4F172D64FA8E00FD21B4 /* petProjectWheatherUITestsLaunchTests.swift in Sources */ = {isa = PBXBuildFile; fileRef = F01E4F162D64FA8E00FD21B4 /* petProjectWheatherUITestsLaunchTests.swift */; };
		F01E4F242D64FB1400FD21B4 /* Current Wheather.swift in Sources */ = {isa = PBXBuildFile; fileRef = F01E4F232D64FB1400FD21B4 /* Current Wheather.swift */; };
		F01E4F262D64FB3400FD21B4 /* Forecst Wheather.swift in Sources */ = {isa = PBXBuildFile; fileRef = F01E4F252D64FB3400FD21B4 /* Forecst Wheather.swift */; };
		F01E4F282D64FB8100FD21B4 /* API Current Wheather.swift in Sources */ = {isa = PBXBuildFile; fileRef = F01E4F272D64FB8100FD21B4 /* API Current Wheather.swift */; };
		F01E4F2A2D64FBE900FD21B4 /* API Forecast Wheather .swift in Sources */ = {isa = PBXBuildFile; fileRef = F01E4F292D64FBE900FD21B4 /* API Forecast Wheather .swift */; };
		F01E4F2C2D64FC6600FD21B4 /* WheatherController.swift in Sources */ = {isa = PBXBuildFile; fileRef = F01E4F2B2D64FC6600FD21B4 /* WheatherController.swift */; };
		F01E4F2E2D64FC8200FD21B4 /* WheatherForecastController.swift in Sources */ = {isa = PBXBuildFile; fileRef = F01E4F2D2D64FC8200FD21B4 /* WheatherForecastController.swift */; };
		F081C9DD2D6C6E3F004B15F1 /* Import Data.swift in Sources */ = {isa = PBXBuildFile; fileRef = F081C9DC2D6C6E3F004B15F1 /* Import Data.swift */; };
		F09687922D6C79B900173F13 /* UpdateUI.swift in Sources */ = {isa = PBXBuildFile; fileRef = F09687912D6C79B900173F13 /* UpdateUI.swift */; };
		F09687942D6C802E00173F13 /* BackgroundImage.swift in Sources */ = {isa = PBXBuildFile; fileRef = F09687932D6C802E00173F13 /* BackgroundImage.swift */; };
		F09687962D6C82B200173F13 /* ConvertData.swift in Sources */ = {isa = PBXBuildFile; fileRef = F09687952D6C82B200173F13 /* ConvertData.swift */; };
		F09687982D6C842E00173F13 /* Alert.swift in Sources */ = {isa = PBXBuildFile; fileRef = F09687972D6C842E00173F13 /* Alert.swift */; };
		F096879A2D6C899C00173F13 /* Blocks.swift in Sources */ = {isa = PBXBuildFile; fileRef = F09687992D6C899C00173F13 /* Blocks.swift */; };
		F096879F2D6C9E5E00173F13 /* Animation.swift in Sources */ = {isa = PBXBuildFile; fileRef = F096879E2D6C9E5E00173F13 /* Animation.swift */; };
		F09687A12D6CA66F00173F13 /* SearchAlert.swift in Sources */ = {isa = PBXBuildFile; fileRef = F09687A02D6CA66F00173F13 /* SearchAlert.swift */; };
		F0AE6DDB2D773D6200451085 /* AnimationView.swift in Sources */ = {isa = PBXBuildFile; fileRef = F0AE6DDA2D773D6100451085 /* AnimationView.swift */; };
		F0D966052D74B97400F19D8C /* SnapKit in Frameworks */ = {isa = PBXBuildFile; productRef = F0D966042D74B97400F19D8C /* SnapKit */; };
		F0D966072D74BDF200F19D8C /* TableView.swift in Sources */ = {isa = PBXBuildFile; fileRef = F0D966062D74BDF100F19D8C /* TableView.swift */; };
		F0D966092D7569CB00F19D8C /* CustomTableViewCell.swift in Sources */ = {isa = PBXBuildFile; fileRef = F0D966082D7569CB00F19D8C /* CustomTableViewCell.swift */; };
		F0D9660C2D7570E700F19D8C /* ConvertDate.swift in Sources */ = {isa = PBXBuildFile; fileRef = F0D9660B2D7570E700F19D8C /* ConvertDate.swift */; };
		FD18C7544154FDF11C97300B /* Pods_petProjectWheather.framework in Frameworks */ = {isa = PBXBuildFile; fileRef = 60959A2D59460333C8BBFE3E /* Pods_petProjectWheather.framework */; };
/* End PBXBuildFile section */

/* Begin PBXContainerItemProxy section */
		F01E4F072D64FA8E00FD21B4 /* PBXContainerItemProxy */ = {
			isa = PBXContainerItemProxy;
			containerPortal = F01E4EE82D64FA8800FD21B4 /* Project object */;
			proxyType = 1;
			remoteGlobalIDString = F01E4EEF2D64FA8800FD21B4;
			remoteInfo = petProjectWheather;
		};
		F01E4F112D64FA8E00FD21B4 /* PBXContainerItemProxy */ = {
			isa = PBXContainerItemProxy;
			containerPortal = F01E4EE82D64FA8800FD21B4 /* Project object */;
			proxyType = 1;
			remoteGlobalIDString = F01E4EEF2D64FA8800FD21B4;
			remoteInfo = petProjectWheather;
		};
/* End PBXContainerItemProxy section */

/* Begin PBXCopyFilesBuildPhase section */
		F0F55FAC2D74B4FA00460D3B /* Embed Frameworks */ = {
			isa = PBXCopyFilesBuildPhase;
			buildActionMask = 2147483647;
			dstPath = "";
			dstSubfolderSpec = 10;
			files = (
			);
			name = "Embed Frameworks";
			runOnlyForDeploymentPostprocessing = 0;
		};
/* End PBXCopyFilesBuildPhase section */

/* Begin PBXFileReference section */
		357894E4222AFCD103E3DB2E /* Pods-petProjectWheatherTests.release.xcconfig */ = {isa = PBXFileReference; includeInIndex = 1; lastKnownFileType = text.xcconfig; name = "Pods-petProjectWheatherTests.release.xcconfig"; path = "Target Support Files/Pods-petProjectWheatherTests/Pods-petProjectWheatherTests.release.xcconfig"; sourceTree = "<group>"; };
		3A34986A31FF1C03A7171580 /* Pods-petProjectWheather.release.xcconfig */ = {isa = PBXFileReference; includeInIndex = 1; lastKnownFileType = text.xcconfig; name = "Pods-petProjectWheather.release.xcconfig"; path = "Target Support Files/Pods-petProjectWheather/Pods-petProjectWheather.release.xcconfig"; sourceTree = "<group>"; };
		509C188B1C50D81777FC6EB7 /* Pods-petProjectWheather-petProjectWheatherUITests.release.xcconfig */ = {isa = PBXFileReference; includeInIndex = 1; lastKnownFileType = text.xcconfig; name = "Pods-petProjectWheather-petProjectWheatherUITests.release.xcconfig"; path = "Target Support Files/Pods-petProjectWheather-petProjectWheatherUITests/Pods-petProjectWheather-petProjectWheatherUITests.release.xcconfig"; sourceTree = "<group>"; };
		60959A2D59460333C8BBFE3E /* Pods_petProjectWheather.framework */ = {isa = PBXFileReference; explicitFileType = wrapper.framework; includeInIndex = 0; path = Pods_petProjectWheather.framework; sourceTree = BUILT_PRODUCTS_DIR; };
		6AF4D3F727717E4A75AE7C5C /* Pods-petProjectWheatherTests.debug.xcconfig */ = {isa = PBXFileReference; includeInIndex = 1; lastKnownFileType = text.xcconfig; name = "Pods-petProjectWheatherTests.debug.xcconfig"; path = "Target Support Files/Pods-petProjectWheatherTests/Pods-petProjectWheatherTests.debug.xcconfig"; sourceTree = "<group>"; };
		6E8837E3BAC62DA231A1AA4F /* Pods-petProjectWheather.debug.xcconfig */ = {isa = PBXFileReference; includeInIndex = 1; lastKnownFileType = text.xcconfig; name = "Pods-petProjectWheather.debug.xcconfig"; path = "Target Support Files/Pods-petProjectWheather/Pods-petProjectWheather.debug.xcconfig"; sourceTree = "<group>"; };
		740EA94E70C3B49749344FAC /* Pods_petProjectWheatherTests.framework */ = {isa = PBXFileReference; explicitFileType = wrapper.framework; includeInIndex = 0; path = Pods_petProjectWheatherTests.framework; sourceTree = BUILT_PRODUCTS_DIR; };
		779D51D543E5738DC0EEDABF /* Pods-petProjectWheather-petProjectWheatherUITests.debug.xcconfig */ = {isa = PBXFileReference; includeInIndex = 1; lastKnownFileType = text.xcconfig; name = "Pods-petProjectWheather-petProjectWheatherUITests.debug.xcconfig"; path = "Target Support Files/Pods-petProjectWheather-petProjectWheatherUITests/Pods-petProjectWheather-petProjectWheatherUITests.debug.xcconfig"; sourceTree = "<group>"; };
		BCD9942967C5503CF1DEE206 /* Pods_petProjectWheather_petProjectWheatherUITests.framework */ = {isa = PBXFileReference; explicitFileType = wrapper.framework; includeInIndex = 0; path = Pods_petProjectWheather_petProjectWheatherUITests.framework; sourceTree = BUILT_PRODUCTS_DIR; };
		C35FD7262D934D8000D16B1E /* CloudsBlock.swift */ = {isa = PBXFileReference; lastKnownFileType = sourcecode.swift; path = CloudsBlock.swift; sourceTree = "<group>"; };
		C35FD7282D934F0900D16B1E /* PressureBlock.swift */ = {isa = PBXFileReference; lastKnownFileType = sourcecode.swift; path = PressureBlock.swift; sourceTree = "<group>"; };
		C35FD72C2D93529C00D16B1E /* HumidityBlock.swift */ = {isa = PBXFileReference; lastKnownFileType = sourcecode.swift; path = HumidityBlock.swift; sourceTree = "<group>"; };
		C35FD72E2D93539900D16B1E /* FeelsTemperatureBlock.swift */ = {isa = PBXFileReference; lastKnownFileType = sourcecode.swift; path = FeelsTemperatureBlock.swift; sourceTree = "<group>"; };
		C35FD7302D9354A800D16B1E /* SpeedWindBlock.swift */ = {isa = PBXFileReference; lastKnownFileType = sourcecode.swift; path = SpeedWindBlock.swift; sourceTree = "<group>"; };
		C35FD7322D93562700D16B1E /* GustWindBlock.swift */ = {isa = PBXFileReference; lastKnownFileType = sourcecode.swift; path = GustWindBlock.swift; sourceTree = "<group>"; };
		C35FD7342D93563100D16B1E /* SunriseBlock.swift */ = {isa = PBXFileReference; lastKnownFileType = sourcecode.swift; path = SunriseBlock.swift; sourceTree = "<group>"; };
		C35FD7362D93563C00D16B1E /* SunsetBlock.swift */ = {isa = PBXFileReference; lastKnownFileType = sourcecode.swift; path = SunsetBlock.swift; sourceTree = "<group>"; };
		C35FD7382D947E6300D16B1E /* MainLabels.swift */ = {isa = PBXFileReference; lastKnownFileType = sourcecode.swift; path = MainLabels.swift; sourceTree = "<group>"; };
		C35FD73A2D94865A00D16B1E /* ForecastHandler.swift */ = {isa = PBXFileReference; lastKnownFileType = sourcecode.swift; path = ForecastHandler.swift; sourceTree = "<group>"; };
		C35FD73E2D94896700D16B1E /* ForecastButton.swift */ = {isa = PBXFileReference; lastKnownFileType = sourcecode.swift; path = ForecastButton.swift; sourceTree = "<group>"; };
		C3B18C372D9593B8006D032F /* CityChangeHandler.swift */ = {isa = PBXFileReference; lastKnownFileType = sourcecode.swift; path = CityChangeHandler.swift; sourceTree = "<group>"; };
		C3B18C392D959CBC006D032F /* ScrollRefreshHandler.swift */ = {isa = PBXFileReference; lastKnownFileType = sourcecode.swift; path = ScrollRefreshHandler.swift; sourceTree = "<group>"; };
		F01E4EF02D64FA8800FD21B4 /* petProjectWheather.app */ = {isa = PBXFileReference; explicitFileType = wrapper.application; includeInIndex = 0; path = petProjectWheather.app; sourceTree = BUILT_PRODUCTS_DIR; };
		F01E4EF32D64FA8800FD21B4 /* AppDelegate.swift */ = {isa = PBXFileReference; lastKnownFileType = sourcecode.swift; path = AppDelegate.swift; sourceTree = "<group>"; };
		F01E4EF52D64FA8800FD21B4 /* SceneDelegate.swift */ = {isa = PBXFileReference; lastKnownFileType = sourcecode.swift; path = SceneDelegate.swift; sourceTree = "<group>"; };
		F01E4EF72D64FA8800FD21B4 /* ViewController.swift */ = {isa = PBXFileReference; lastKnownFileType = sourcecode.swift; path = ViewController.swift; sourceTree = "<group>"; };
		F01E4EFA2D64FA8800FD21B4 /* Base */ = {isa = PBXFileReference; lastKnownFileType = file.storyboard; name = Base; path = Base.lproj/Main.storyboard; sourceTree = "<group>"; };
		F01E4EFC2D64FA8D00FD21B4 /* Assets.xcassets */ = {isa = PBXFileReference; lastKnownFileType = folder.assetcatalog; path = Assets.xcassets; sourceTree = "<group>"; };
		F01E4EFF2D64FA8D00FD21B4 /* Base */ = {isa = PBXFileReference; lastKnownFileType = file.storyboard; name = Base; path = Base.lproj/LaunchScreen.storyboard; sourceTree = "<group>"; };
		F01E4F012D64FA8D00FD21B4 /* Info.plist */ = {isa = PBXFileReference; lastKnownFileType = text.plist.xml; path = Info.plist; sourceTree = "<group>"; };
		F01E4F062D64FA8E00FD21B4 /* petProjectWheatherTests.xctest */ = {isa = PBXFileReference; explicitFileType = wrapper.cfbundle; includeInIndex = 0; path = petProjectWheatherTests.xctest; sourceTree = BUILT_PRODUCTS_DIR; };
		F01E4F0A2D64FA8E00FD21B4 /* petProjectWheatherTests.swift */ = {isa = PBXFileReference; lastKnownFileType = sourcecode.swift; path = petProjectWheatherTests.swift; sourceTree = "<group>"; };
		F01E4F102D64FA8E00FD21B4 /* petProjectWheatherUITests.xctest */ = {isa = PBXFileReference; explicitFileType = wrapper.cfbundle; includeInIndex = 0; path = petProjectWheatherUITests.xctest; sourceTree = BUILT_PRODUCTS_DIR; };
		F01E4F142D64FA8E00FD21B4 /* petProjectWheatherUITests.swift */ = {isa = PBXFileReference; lastKnownFileType = sourcecode.swift; path = petProjectWheatherUITests.swift; sourceTree = "<group>"; };
		F01E4F162D64FA8E00FD21B4 /* petProjectWheatherUITestsLaunchTests.swift */ = {isa = PBXFileReference; lastKnownFileType = sourcecode.swift; path = petProjectWheatherUITestsLaunchTests.swift; sourceTree = "<group>"; };
		F01E4F232D64FB1400FD21B4 /* Current Wheather.swift */ = {isa = PBXFileReference; lastKnownFileType = sourcecode.swift; path = "Current Wheather.swift"; sourceTree = "<group>"; };
		F01E4F252D64FB3400FD21B4 /* Forecst Wheather.swift */ = {isa = PBXFileReference; lastKnownFileType = sourcecode.swift; path = "Forecst Wheather.swift"; sourceTree = "<group>"; };
		F01E4F272D64FB8100FD21B4 /* API Current Wheather.swift */ = {isa = PBXFileReference; lastKnownFileType = sourcecode.swift; path = "API Current Wheather.swift"; sourceTree = "<group>"; };
		F01E4F292D64FBE900FD21B4 /* API Forecast Wheather .swift */ = {isa = PBXFileReference; lastKnownFileType = sourcecode.swift; path = "API Forecast Wheather .swift"; sourceTree = "<group>"; };
		F01E4F2B2D64FC6600FD21B4 /* WheatherController.swift */ = {isa = PBXFileReference; lastKnownFileType = sourcecode.swift; path = WheatherController.swift; sourceTree = "<group>"; };
		F01E4F2D2D64FC8200FD21B4 /* WheatherForecastController.swift */ = {isa = PBXFileReference; lastKnownFileType = sourcecode.swift; path = WheatherForecastController.swift; sourceTree = "<group>"; };
		F081C9DC2D6C6E3F004B15F1 /* Import Data.swift */ = {isa = PBXFileReference; lastKnownFileType = sourcecode.swift; path = "Import Data.swift"; sourceTree = "<group>"; };
		F09687912D6C79B900173F13 /* UpdateUI.swift */ = {isa = PBXFileReference; lastKnownFileType = sourcecode.swift; path = UpdateUI.swift; sourceTree = "<group>"; };
		F09687932D6C802E00173F13 /* BackgroundImage.swift */ = {isa = PBXFileReference; lastKnownFileType = sourcecode.swift; path = BackgroundImage.swift; sourceTree = "<group>"; };
		F09687952D6C82B200173F13 /* ConvertData.swift */ = {isa = PBXFileReference; lastKnownFileType = sourcecode.swift; path = ConvertData.swift; sourceTree = "<group>"; };
		F09687972D6C842E00173F13 /* Alert.swift */ = {isa = PBXFileReference; lastKnownFileType = sourcecode.swift; path = Alert.swift; sourceTree = "<group>"; };
		F09687992D6C899C00173F13 /* Blocks.swift */ = {isa = PBXFileReference; lastKnownFileType = sourcecode.swift; path = Blocks.swift; sourceTree = "<group>"; };
		F096879E2D6C9E5E00173F13 /* Animation.swift */ = {isa = PBXFileReference; lastKnownFileType = sourcecode.swift; path = Animation.swift; sourceTree = "<group>"; };
		F09687A02D6CA66F00173F13 /* SearchAlert.swift */ = {isa = PBXFileReference; lastKnownFileType = sourcecode.swift; path = SearchAlert.swift; sourceTree = "<group>"; };
		F0AE6DDA2D773D6100451085 /* AnimationView.swift */ = {isa = PBXFileReference; lastKnownFileType = sourcecode.swift; path = AnimationView.swift; sourceTree = "<group>"; };
		F0D966062D74BDF100F19D8C /* TableView.swift */ = {isa = PBXFileReference; lastKnownFileType = sourcecode.swift; path = TableView.swift; sourceTree = "<group>"; };
		F0D966082D7569CB00F19D8C /* CustomTableViewCell.swift */ = {isa = PBXFileReference; lastKnownFileType = sourcecode.swift; path = CustomTableViewCell.swift; sourceTree = "<group>"; };
		F0D9660B2D7570E700F19D8C /* ConvertDate.swift */ = {isa = PBXFileReference; lastKnownFileType = sourcecode.swift; path = ConvertDate.swift; sourceTree = "<group>"; };
/* End PBXFileReference section */

/* Begin PBXFrameworksBuildPhase section */
		F01E4EED2D64FA8800FD21B4 /* Frameworks */ = {
			isa = PBXFrameworksBuildPhase;
			buildActionMask = 2147483647;
			files = (
				F0D966052D74B97400F19D8C /* SnapKit in Frameworks */,
				FD18C7544154FDF11C97300B /* Pods_petProjectWheather.framework in Frameworks */,
			);
			runOnlyForDeploymentPostprocessing = 0;
		};
		F01E4F032D64FA8E00FD21B4 /* Frameworks */ = {
			isa = PBXFrameworksBuildPhase;
			buildActionMask = 2147483647;
			files = (
				DFC978D9A40F58CE0ABD82C7 /* Pods_petProjectWheatherTests.framework in Frameworks */,
			);
			runOnlyForDeploymentPostprocessing = 0;
		};
		F01E4F0D2D64FA8E00FD21B4 /* Frameworks */ = {
			isa = PBXFrameworksBuildPhase;
			buildActionMask = 2147483647;
			files = (
				BFAFE3135273EA1DBE17484C /* Pods_petProjectWheather_petProjectWheatherUITests.framework in Frameworks */,
			);
			runOnlyForDeploymentPostprocessing = 0;
		};
/* End PBXFrameworksBuildPhase section */

/* Begin PBXGroup section */
		7963D845CBF872DD9DB078F9 /* Frameworks */ = {
			isa = PBXGroup;
			children = (
				60959A2D59460333C8BBFE3E /* Pods_petProjectWheather.framework */,
				BCD9942967C5503CF1DEE206 /* Pods_petProjectWheather_petProjectWheatherUITests.framework */,
				740EA94E70C3B49749344FAC /* Pods_petProjectWheatherTests.framework */,
			);
			name = Frameworks;
			sourceTree = "<group>";
		};
		868206937C0CA4AF040AC6D4 /* Pods */ = {
			isa = PBXGroup;
			children = (
				6E8837E3BAC62DA231A1AA4F /* Pods-petProjectWheather.debug.xcconfig */,
				3A34986A31FF1C03A7171580 /* Pods-petProjectWheather.release.xcconfig */,
				779D51D543E5738DC0EEDABF /* Pods-petProjectWheather-petProjectWheatherUITests.debug.xcconfig */,
				509C188B1C50D81777FC6EB7 /* Pods-petProjectWheather-petProjectWheatherUITests.release.xcconfig */,
				6AF4D3F727717E4A75AE7C5C /* Pods-petProjectWheatherTests.debug.xcconfig */,
				357894E4222AFCD103E3DB2E /* Pods-petProjectWheatherTests.release.xcconfig */,
			);
			path = Pods;
			sourceTree = "<group>";
		};
		C35FD73C2D94886200D16B1E /* Blocks (+ creation) */ = {
			isa = PBXGroup;
			children = (
				F09687992D6C899C00173F13 /* Blocks.swift */,
				C35FD7262D934D8000D16B1E /* CloudsBlock.swift */,
				C35FD7282D934F0900D16B1E /* PressureBlock.swift */,
				C35FD72C2D93529C00D16B1E /* HumidityBlock.swift */,
				C35FD72E2D93539900D16B1E /* FeelsTemperatureBlock.swift */,
				C35FD7302D9354A800D16B1E /* SpeedWindBlock.swift */,
				C35FD7322D93562700D16B1E /* GustWindBlock.swift */,
				C35FD7342D93563100D16B1E /* SunriseBlock.swift */,
				C35FD7362D93563C00D16B1E /* SunsetBlock.swift */,
			);
			path = "Blocks (+ creation)";
			sourceTree = "<group>";
		};
		C35FD73D2D9488C200D16B1E /* Forecast Button (View + handler) */ = {
			isa = PBXGroup;
			children = (
				C35FD73E2D94896700D16B1E /* ForecastButton.swift */,
				C35FD73A2D94865A00D16B1E /* ForecastHandler.swift */,
			);
			path = "Forecast Button (View + handler)";
			sourceTree = "<group>";
		};
		F01E4EE72D64FA8800FD21B4 = {
			isa = PBXGroup;
			children = (
				F01E4EF22D64FA8800FD21B4 /* petProjectWheather */,
				F01E4F092D64FA8E00FD21B4 /* petProjectWheatherTests */,
				F01E4F132D64FA8E00FD21B4 /* petProjectWheatherUITests */,
				F01E4EF12D64FA8800FD21B4 /* Products */,
				868206937C0CA4AF040AC6D4 /* Pods */,
				7963D845CBF872DD9DB078F9 /* Frameworks */,
			);
			sourceTree = "<group>";
		};
		F01E4EF12D64FA8800FD21B4 /* Products */ = {
			isa = PBXGroup;
			children = (
				F01E4EF02D64FA8800FD21B4 /* petProjectWheather.app */,
				F01E4F062D64FA8E00FD21B4 /* petProjectWheatherTests.xctest */,
				F01E4F102D64FA8E00FD21B4 /* petProjectWheatherUITests.xctest */,
			);
			name = Products;
			sourceTree = "<group>";
		};
		F01E4EF22D64FA8800FD21B4 /* petProjectWheather */ = {
			isa = PBXGroup;
			children = (
				F096879D2D6C9E1100173F13 /* View Controller */,
				F081C9DB2D6C6A96004B15F1 /* Wheather Controller */,
				F039C9AF2D74A4F2009211BA /* Wheather Forecast Controller */,
				F01E4F2F2D65132900FD21B4 /* API */,
				F01E4F332D6513C100FD21B4 /* Application */,
				F01E4EF92D64FA8800FD21B4 /* Main.storyboard */,
				F01E4EFE2D64FA8D00FD21B4 /* LaunchScreen.storyboard */,
				F01E4EFC2D64FA8D00FD21B4 /* Assets.xcassets */,
				F01E4F012D64FA8D00FD21B4 /* Info.plist */,
			);
			path = petProjectWheather;
			sourceTree = "<group>";
		};
		F01E4F092D64FA8E00FD21B4 /* petProjectWheatherTests */ = {
			isa = PBXGroup;
			children = (
				F01E4F0A2D64FA8E00FD21B4 /* petProjectWheatherTests.swift */,
			);
			path = petProjectWheatherTests;
			sourceTree = "<group>";
		};
		F01E4F132D64FA8E00FD21B4 /* petProjectWheatherUITests */ = {
			isa = PBXGroup;
			children = (
				F01E4F142D64FA8E00FD21B4 /* petProjectWheatherUITests.swift */,
				F01E4F162D64FA8E00FD21B4 /* petProjectWheatherUITestsLaunchTests.swift */,
			);
			path = petProjectWheatherUITests;
			sourceTree = "<group>";
		};
		F01E4F2F2D65132900FD21B4 /* API */ = {
			isa = PBXGroup;
			children = (
				F01E4F312D65137600FD21B4 /* Models */,
				F01E4F322D65138400FD21B4 /* Services */,
			);
			path = API;
			sourceTree = "<group>";
		};
		F01E4F312D65137600FD21B4 /* Models */ = {
			isa = PBXGroup;
			children = (
				F01E4F232D64FB1400FD21B4 /* Current Wheather.swift */,
				F01E4F252D64FB3400FD21B4 /* Forecst Wheather.swift */,
			);
			path = Models;
			sourceTree = "<group>";
		};
		F01E4F322D65138400FD21B4 /* Services */ = {
			isa = PBXGroup;
			children = (
				F01E4F272D64FB8100FD21B4 /* API Current Wheather.swift */,
				F01E4F292D64FBE900FD21B4 /* API Forecast Wheather .swift */,
			);
			path = Services;
			sourceTree = "<group>";
		};
		F01E4F332D6513C100FD21B4 /* Application */ = {
			isa = PBXGroup;
			children = (
				F01E4EF32D64FA8800FD21B4 /* AppDelegate.swift */,
				F01E4EF52D64FA8800FD21B4 /* SceneDelegate.swift */,
			);
			path = Application;
			sourceTree = "<group>";
		};
		F039C9AF2D74A4F2009211BA /* Wheather Forecast Controller */ = {
			isa = PBXGroup;
			children = (
				F01E4F2D2D64FC8200FD21B4 /* WheatherForecastController.swift */,
				F0D966062D74BDF100F19D8C /* TableView.swift */,
				F0D966082D7569CB00F19D8C /* CustomTableViewCell.swift */,
				F0AE6DDA2D773D6100451085 /* AnimationView.swift */,
				F0D9660B2D7570E700F19D8C /* ConvertDate.swift */,
			);
			path = "Wheather Forecast Controller";
			sourceTree = "<group>";
		};
		F081C9DB2D6C6A96004B15F1 /* Wheather Controller */ = {
			isa = PBXGroup;
			children = (
				F01E4F2B2D64FC6600FD21B4 /* WheatherController.swift */,
				F081C9DC2D6C6E3F004B15F1 /* Import Data.swift */,
				F09687912D6C79B900173F13 /* UpdateUI.swift */,
				F09687932D6C802E00173F13 /* BackgroundImage.swift */,
				C3B18C392D959CBC006D032F /* ScrollRefreshHandler.swift */,
				C35FD7382D947E6300D16B1E /* MainLabels.swift */,
				C3B18C372D9593B8006D032F /* CityChangeHandler.swift */,
				F09687952D6C82B200173F13 /* ConvertData.swift */,
				F09687972D6C842E00173F13 /* Alert.swift */,
				C35FD73C2D94886200D16B1E /* Blocks (+ creation) */,
				C35FD73D2D9488C200D16B1E /* Forecast Button (View + handler) */,
			);
			path = "Wheather Controller";
			sourceTree = "<group>";
		};
		F096879D2D6C9E1100173F13 /* View Controller */ = {
			isa = PBXGroup;
			children = (
				F01E4EF72D64FA8800FD21B4 /* ViewController.swift */,
				F096879E2D6C9E5E00173F13 /* Animation.swift */,
				F09687A02D6CA66F00173F13 /* SearchAlert.swift */,
			);
			path = "View Controller";
			sourceTree = "<group>";
		};
/* End PBXGroup section */

/* Begin PBXNativeTarget section */
		F01E4EEF2D64FA8800FD21B4 /* petProjectWheather */ = {
			isa = PBXNativeTarget;
			buildConfigurationList = F01E4F1A2D64FA8E00FD21B4 /* Build configuration list for PBXNativeTarget "petProjectWheather" */;
			buildPhases = (
				C02B047C68D3EAF82D1C3379 /* [CP] Check Pods Manifest.lock */,
				F01E4EEC2D64FA8800FD21B4 /* Sources */,
				F01E4EED2D64FA8800FD21B4 /* Frameworks */,
				F01E4EEE2D64FA8800FD21B4 /* Resources */,
				F0F55FAC2D74B4FA00460D3B /* Embed Frameworks */,
			);
			buildRules = (
			);
			dependencies = (
			);
			name = petProjectWheather;
			packageProductDependencies = (
				F0D966042D74B97400F19D8C /* SnapKit */,
			);
			productName = petProjectWheather;
			productReference = F01E4EF02D64FA8800FD21B4 /* petProjectWheather.app */;
			productType = "com.apple.product-type.application";
		};
		F01E4F052D64FA8E00FD21B4 /* petProjectWheatherTests */ = {
			isa = PBXNativeTarget;
			buildConfigurationList = F01E4F1D2D64FA8E00FD21B4 /* Build configuration list for PBXNativeTarget "petProjectWheatherTests" */;
			buildPhases = (
				15E02B918D519D1FE9F864B3 /* [CP] Check Pods Manifest.lock */,
				F01E4F022D64FA8E00FD21B4 /* Sources */,
				F01E4F032D64FA8E00FD21B4 /* Frameworks */,
				F01E4F042D64FA8E00FD21B4 /* Resources */,
			);
			buildRules = (
			);
			dependencies = (
				F01E4F082D64FA8E00FD21B4 /* PBXTargetDependency */,
			);
			name = petProjectWheatherTests;
			productName = petProjectWheatherTests;
			productReference = F01E4F062D64FA8E00FD21B4 /* petProjectWheatherTests.xctest */;
			productType = "com.apple.product-type.bundle.unit-test";
		};
		F01E4F0F2D64FA8E00FD21B4 /* petProjectWheatherUITests */ = {
			isa = PBXNativeTarget;
			buildConfigurationList = F01E4F202D64FA8E00FD21B4 /* Build configuration list for PBXNativeTarget "petProjectWheatherUITests" */;
			buildPhases = (
				29B6CAD440E56952666CF8CA /* [CP] Check Pods Manifest.lock */,
				F01E4F0C2D64FA8E00FD21B4 /* Sources */,
				F01E4F0D2D64FA8E00FD21B4 /* Frameworks */,
				F01E4F0E2D64FA8E00FD21B4 /* Resources */,
			);
			buildRules = (
			);
			dependencies = (
				F01E4F122D64FA8E00FD21B4 /* PBXTargetDependency */,
			);
			name = petProjectWheatherUITests;
			productName = petProjectWheatherUITests;
			productReference = F01E4F102D64FA8E00FD21B4 /* petProjectWheatherUITests.xctest */;
			productType = "com.apple.product-type.bundle.ui-testing";
		};
/* End PBXNativeTarget section */

/* Begin PBXProject section */
		F01E4EE82D64FA8800FD21B4 /* Project object */ = {
			isa = PBXProject;
			attributes = {
				BuildIndependentTargetsInParallel = 1;
				LastSwiftUpdateCheck = 1420;
				LastUpgradeCheck = 1420;
				TargetAttributes = {
					F01E4EEF2D64FA8800FD21B4 = {
						CreatedOnToolsVersion = 14.2;
					};
					F01E4F052D64FA8E00FD21B4 = {
						CreatedOnToolsVersion = 14.2;
						TestTargetID = F01E4EEF2D64FA8800FD21B4;
					};
					F01E4F0F2D64FA8E00FD21B4 = {
						CreatedOnToolsVersion = 14.2;
						TestTargetID = F01E4EEF2D64FA8800FD21B4;
					};
				};
			};
			buildConfigurationList = F01E4EEB2D64FA8800FD21B4 /* Build configuration list for PBXProject "petProjectWheather" */;
			compatibilityVersion = "Xcode 14.0";
			developmentRegion = en;
			hasScannedForEncodings = 0;
			knownRegions = (
				en,
				Base,
			);
			mainGroup = F01E4EE72D64FA8800FD21B4;
			packageReferences = (
				F0D966032D74B97400F19D8C /* XCRemoteSwiftPackageReference "SnapKit" */,
			);
			productRefGroup = F01E4EF12D64FA8800FD21B4 /* Products */;
			projectDirPath = "";
			projectRoot = "";
			targets = (
				F01E4EEF2D64FA8800FD21B4 /* petProjectWheather */,
				F01E4F052D64FA8E00FD21B4 /* petProjectWheatherTests */,
				F01E4F0F2D64FA8E00FD21B4 /* petProjectWheatherUITests */,
			);
		};
/* End PBXProject section */

/* Begin PBXResourcesBuildPhase section */
		F01E4EEE2D64FA8800FD21B4 /* Resources */ = {
			isa = PBXResourcesBuildPhase;
			buildActionMask = 2147483647;
			files = (
				F01E4F002D64FA8D00FD21B4 /* LaunchScreen.storyboard in Resources */,
				F01E4EFD2D64FA8D00FD21B4 /* Assets.xcassets in Resources */,
				F01E4EFB2D64FA8800FD21B4 /* Main.storyboard in Resources */,
			);
			runOnlyForDeploymentPostprocessing = 0;
		};
		F01E4F042D64FA8E00FD21B4 /* Resources */ = {
			isa = PBXResourcesBuildPhase;
			buildActionMask = 2147483647;
			files = (
			);
			runOnlyForDeploymentPostprocessing = 0;
		};
		F01E4F0E2D64FA8E00FD21B4 /* Resources */ = {
			isa = PBXResourcesBuildPhase;
			buildActionMask = 2147483647;
			files = (
			);
			runOnlyForDeploymentPostprocessing = 0;
		};
/* End PBXResourcesBuildPhase section */

/* Begin PBXShellScriptBuildPhase section */
		15E02B918D519D1FE9F864B3 /* [CP] Check Pods Manifest.lock */ = {
			isa = PBXShellScriptBuildPhase;
			buildActionMask = 2147483647;
			files = (
			);
			inputFileListPaths = (
			);
			inputPaths = (
				"${PODS_PODFILE_DIR_PATH}/Podfile.lock",
				"${PODS_ROOT}/Manifest.lock",
			);
			name = "[CP] Check Pods Manifest.lock";
			outputFileListPaths = (
			);
			outputPaths = (
				"$(DERIVED_FILE_DIR)/Pods-petProjectWheatherTests-checkManifestLockResult.txt",
			);
			runOnlyForDeploymentPostprocessing = 0;
			shellPath = /bin/sh;
			shellScript = "diff \"${PODS_PODFILE_DIR_PATH}/Podfile.lock\" \"${PODS_ROOT}/Manifest.lock\" > /dev/null\nif [ $? != 0 ] ; then\n    # print error to STDERR\n    echo \"error: The sandbox is not in sync with the Podfile.lock. Run 'pod install' or update your CocoaPods installation.\" >&2\n    exit 1\nfi\n# This output is used by Xcode 'outputs' to avoid re-running this script phase.\necho \"SUCCESS\" > \"${SCRIPT_OUTPUT_FILE_0}\"\n";
			showEnvVarsInLog = 0;
		};
		29B6CAD440E56952666CF8CA /* [CP] Check Pods Manifest.lock */ = {
			isa = PBXShellScriptBuildPhase;
			buildActionMask = 2147483647;
			files = (
			);
			inputFileListPaths = (
			);
			inputPaths = (
				"${PODS_PODFILE_DIR_PATH}/Podfile.lock",
				"${PODS_ROOT}/Manifest.lock",
			);
			name = "[CP] Check Pods Manifest.lock";
			outputFileListPaths = (
			);
			outputPaths = (
				"$(DERIVED_FILE_DIR)/Pods-petProjectWheather-petProjectWheatherUITests-checkManifestLockResult.txt",
			);
			runOnlyForDeploymentPostprocessing = 0;
			shellPath = /bin/sh;
			shellScript = "diff \"${PODS_PODFILE_DIR_PATH}/Podfile.lock\" \"${PODS_ROOT}/Manifest.lock\" > /dev/null\nif [ $? != 0 ] ; then\n    # print error to STDERR\n    echo \"error: The sandbox is not in sync with the Podfile.lock. Run 'pod install' or update your CocoaPods installation.\" >&2\n    exit 1\nfi\n# This output is used by Xcode 'outputs' to avoid re-running this script phase.\necho \"SUCCESS\" > \"${SCRIPT_OUTPUT_FILE_0}\"\n";
			showEnvVarsInLog = 0;
		};
		C02B047C68D3EAF82D1C3379 /* [CP] Check Pods Manifest.lock */ = {
			isa = PBXShellScriptBuildPhase;
			buildActionMask = 2147483647;
			files = (
			);
			inputFileListPaths = (
			);
			inputPaths = (
				"${PODS_PODFILE_DIR_PATH}/Podfile.lock",
				"${PODS_ROOT}/Manifest.lock",
			);
			name = "[CP] Check Pods Manifest.lock";
			outputFileListPaths = (
			);
			outputPaths = (
				"$(DERIVED_FILE_DIR)/Pods-petProjectWheather-checkManifestLockResult.txt",
			);
			runOnlyForDeploymentPostprocessing = 0;
			shellPath = /bin/sh;
			shellScript = "diff \"${PODS_PODFILE_DIR_PATH}/Podfile.lock\" \"${PODS_ROOT}/Manifest.lock\" > /dev/null\nif [ $? != 0 ] ; then\n    # print error to STDERR\n    echo \"error: The sandbox is not in sync with the Podfile.lock. Run 'pod install' or update your CocoaPods installation.\" >&2\n    exit 1\nfi\n# This output is used by Xcode 'outputs' to avoid re-running this script phase.\necho \"SUCCESS\" > \"${SCRIPT_OUTPUT_FILE_0}\"\n";
			showEnvVarsInLog = 0;
		};
/* End PBXShellScriptBuildPhase section */

/* Begin PBXSourcesBuildPhase section */
		F01E4EEC2D64FA8800FD21B4 /* Sources */ = {
			isa = PBXSourcesBuildPhase;
			buildActionMask = 2147483647;
			files = (
				C35FD73B2D94865F00D16B1E /* ForecastHandler.swift in Sources */,
				F01E4F2C2D64FC6600FD21B4 /* WheatherController.swift in Sources */,
				F081C9DD2D6C6E3F004B15F1 /* Import Data.swift in Sources */,
				C35FD7292D934F1600D16B1E /* PressureBlock.swift in Sources */,
				C35FD7312D9354AA00D16B1E /* SpeedWindBlock.swift in Sources */,
				F01E4F282D64FB8100FD21B4 /* API Current Wheather.swift in Sources */,
				F09687A12D6CA66F00173F13 /* SearchAlert.swift in Sources */,
				C35FD72F2D93539B00D16B1E /* FeelsTemperatureBlock.swift in Sources */,
				F09687942D6C802E00173F13 /* BackgroundImage.swift in Sources */,
				F0D966092D7569CB00F19D8C /* CustomTableViewCell.swift in Sources */,
				F09687962D6C82B200173F13 /* ConvertData.swift in Sources */,
				C35FD7372D93563D00D16B1E /* SunsetBlock.swift in Sources */,
				F01E4F2E2D64FC8200FD21B4 /* WheatherForecastController.swift in Sources */,
				C35FD7272D934D8000D16B1E /* CloudsBlock.swift in Sources */,
				F09687982D6C842E00173F13 /* Alert.swift in Sources */,
				C35FD7332D93562800D16B1E /* GustWindBlock.swift in Sources */,
				F01E4F242D64FB1400FD21B4 /* Current Wheather.swift in Sources */,
				C35FD72D2D93529E00D16B1E /* HumidityBlock.swift in Sources */,
				C3B18C3A2D959CBE006D032F /* ScrollRefreshHandler.swift in Sources */,
				F01E4EF82D64FA8800FD21B4 /* ViewController.swift in Sources */,
				C35FD73F2D94896D00D16B1E /* ForecastButton.swift in Sources */,
				F01E4F2A2D64FBE900FD21B4 /* API Forecast Wheather .swift in Sources */,
				F096879F2D6C9E5E00173F13 /* Animation.swift in Sources */,
				F01E4EF42D64FA8800FD21B4 /* AppDelegate.swift in Sources */,
				F0D9660C2D7570E700F19D8C /* ConvertDate.swift in Sources */,
				C3B18C382D9593BF006D032F /* CityChangeHandler.swift in Sources */,
				F09687922D6C79B900173F13 /* UpdateUI.swift in Sources */,
				C35FD7352D93563200D16B1E /* SunriseBlock.swift in Sources */,
				F096879A2D6C899C00173F13 /* Blocks.swift in Sources */,
				F01E4EF62D64FA8800FD21B4 /* SceneDelegate.swift in Sources */,
				F0AE6DDB2D773D6200451085 /* AnimationView.swift in Sources */,
				C35FD7392D947E7A00D16B1E /* MainLabels.swift in Sources */,
				F01E4F262D64FB3400FD21B4 /* Forecst Wheather.swift in Sources */,
				F0D966072D74BDF200F19D8C /* TableView.swift in Sources */,
			);
			runOnlyForDeploymentPostprocessing = 0;
		};
		F01E4F022D64FA8E00FD21B4 /* Sources */ = {
			isa = PBXSourcesBuildPhase;
			buildActionMask = 2147483647;
			files = (
				F01E4F0B2D64FA8E00FD21B4 /* petProjectWheatherTests.swift in Sources */,
			);
			runOnlyForDeploymentPostprocessing = 0;
		};
		F01E4F0C2D64FA8E00FD21B4 /* Sources */ = {
			isa = PBXSourcesBuildPhase;
			buildActionMask = 2147483647;
			files = (
				F01E4F172D64FA8E00FD21B4 /* petProjectWheatherUITestsLaunchTests.swift in Sources */,
				F01E4F152D64FA8E00FD21B4 /* petProjectWheatherUITests.swift in Sources */,
			);
			runOnlyForDeploymentPostprocessing = 0;
		};
/* End PBXSourcesBuildPhase section */

/* Begin PBXTargetDependency section */
		F01E4F082D64FA8E00FD21B4 /* PBXTargetDependency */ = {
			isa = PBXTargetDependency;
			target = F01E4EEF2D64FA8800FD21B4 /* petProjectWheather */;
			targetProxy = F01E4F072D64FA8E00FD21B4 /* PBXContainerItemProxy */;
		};
		F01E4F122D64FA8E00FD21B4 /* PBXTargetDependency */ = {
			isa = PBXTargetDependency;
			target = F01E4EEF2D64FA8800FD21B4 /* petProjectWheather */;
			targetProxy = F01E4F112D64FA8E00FD21B4 /* PBXContainerItemProxy */;
		};
/* End PBXTargetDependency section */

/* Begin PBXVariantGroup section */
		F01E4EF92D64FA8800FD21B4 /* Main.storyboard */ = {
			isa = PBXVariantGroup;
			children = (
				F01E4EFA2D64FA8800FD21B4 /* Base */,
			);
			name = Main.storyboard;
			sourceTree = "<group>";
		};
		F01E4EFE2D64FA8D00FD21B4 /* LaunchScreen.storyboard */ = {
			isa = PBXVariantGroup;
			children = (
				F01E4EFF2D64FA8D00FD21B4 /* Base */,
			);
			name = LaunchScreen.storyboard;
			sourceTree = "<group>";
		};
/* End PBXVariantGroup section */

/* Begin XCBuildConfiguration section */
		F01E4F182D64FA8E00FD21B4 /* Debug */ = {
			isa = XCBuildConfiguration;
			buildSettings = {
				ALWAYS_SEARCH_USER_PATHS = NO;
				CLANG_ANALYZER_NONNULL = YES;
				CLANG_ANALYZER_NUMBER_OBJECT_CONVERSION = YES_AGGRESSIVE;
				CLANG_CXX_LANGUAGE_STANDARD = "gnu++20";
				CLANG_ENABLE_MODULES = YES;
				CLANG_ENABLE_OBJC_ARC = YES;
				CLANG_ENABLE_OBJC_WEAK = YES;
				CLANG_WARN_BLOCK_CAPTURE_AUTORELEASING = YES;
				CLANG_WARN_BOOL_CONVERSION = YES;
				CLANG_WARN_COMMA = YES;
				CLANG_WARN_CONSTANT_CONVERSION = YES;
				CLANG_WARN_DEPRECATED_OBJC_IMPLEMENTATIONS = YES;
				CLANG_WARN_DIRECT_OBJC_ISA_USAGE = YES_ERROR;
				CLANG_WARN_DOCUMENTATION_COMMENTS = YES;
				CLANG_WARN_EMPTY_BODY = YES;
				CLANG_WARN_ENUM_CONVERSION = YES;
				CLANG_WARN_INFINITE_RECURSION = YES;
				CLANG_WARN_INT_CONVERSION = YES;
				CLANG_WARN_NON_LITERAL_NULL_CONVERSION = YES;
				CLANG_WARN_OBJC_IMPLICIT_RETAIN_SELF = YES;
				CLANG_WARN_OBJC_LITERAL_CONVERSION = YES;
				CLANG_WARN_OBJC_ROOT_CLASS = YES_ERROR;
				CLANG_WARN_QUOTED_INCLUDE_IN_FRAMEWORK_HEADER = YES;
				CLANG_WARN_RANGE_LOOP_ANALYSIS = YES;
				CLANG_WARN_STRICT_PROTOTYPES = YES;
				CLANG_WARN_SUSPICIOUS_MOVE = YES;
				CLANG_WARN_UNGUARDED_AVAILABILITY = YES_AGGRESSIVE;
				CLANG_WARN_UNREACHABLE_CODE = YES;
				CLANG_WARN__DUPLICATE_METHOD_MATCH = YES;
				COPY_PHASE_STRIP = NO;
				DEBUG_INFORMATION_FORMAT = dwarf;
				ENABLE_STRICT_OBJC_MSGSEND = YES;
				ENABLE_TESTABILITY = YES;
				GCC_C_LANGUAGE_STANDARD = gnu11;
				GCC_DYNAMIC_NO_PIC = NO;
				GCC_NO_COMMON_BLOCKS = YES;
				GCC_OPTIMIZATION_LEVEL = 0;
				GCC_PREPROCESSOR_DEFINITIONS = (
					"DEBUG=1",
					"$(inherited)",
				);
				GCC_WARN_64_TO_32_BIT_CONVERSION = YES;
				GCC_WARN_ABOUT_RETURN_TYPE = YES_ERROR;
				GCC_WARN_UNDECLARED_SELECTOR = YES;
				GCC_WARN_UNINITIALIZED_AUTOS = YES_AGGRESSIVE;
				GCC_WARN_UNUSED_FUNCTION = YES;
				GCC_WARN_UNUSED_VARIABLE = YES;
				IPHONEOS_DEPLOYMENT_TARGET = 16.2;
				MTL_ENABLE_DEBUG_INFO = INCLUDE_SOURCE;
				MTL_FAST_MATH = YES;
				ONLY_ACTIVE_ARCH = YES;
				SDKROOT = iphoneos;
				SWIFT_ACTIVE_COMPILATION_CONDITIONS = DEBUG;
				SWIFT_OPTIMIZATION_LEVEL = "-Onone";
			};
			name = Debug;
		};
		F01E4F192D64FA8E00FD21B4 /* Release */ = {
			isa = XCBuildConfiguration;
			buildSettings = {
				ALWAYS_SEARCH_USER_PATHS = NO;
				CLANG_ANALYZER_NONNULL = YES;
				CLANG_ANALYZER_NUMBER_OBJECT_CONVERSION = YES_AGGRESSIVE;
				CLANG_CXX_LANGUAGE_STANDARD = "gnu++20";
				CLANG_ENABLE_MODULES = YES;
				CLANG_ENABLE_OBJC_ARC = YES;
				CLANG_ENABLE_OBJC_WEAK = YES;
				CLANG_WARN_BLOCK_CAPTURE_AUTORELEASING = YES;
				CLANG_WARN_BOOL_CONVERSION = YES;
				CLANG_WARN_COMMA = YES;
				CLANG_WARN_CONSTANT_CONVERSION = YES;
				CLANG_WARN_DEPRECATED_OBJC_IMPLEMENTATIONS = YES;
				CLANG_WARN_DIRECT_OBJC_ISA_USAGE = YES_ERROR;
				CLANG_WARN_DOCUMENTATION_COMMENTS = YES;
				CLANG_WARN_EMPTY_BODY = YES;
				CLANG_WARN_ENUM_CONVERSION = YES;
				CLANG_WARN_INFINITE_RECURSION = YES;
				CLANG_WARN_INT_CONVERSION = YES;
				CLANG_WARN_NON_LITERAL_NULL_CONVERSION = YES;
				CLANG_WARN_OBJC_IMPLICIT_RETAIN_SELF = YES;
				CLANG_WARN_OBJC_LITERAL_CONVERSION = YES;
				CLANG_WARN_OBJC_ROOT_CLASS = YES_ERROR;
				CLANG_WARN_QUOTED_INCLUDE_IN_FRAMEWORK_HEADER = YES;
				CLANG_WARN_RANGE_LOOP_ANALYSIS = YES;
				CLANG_WARN_STRICT_PROTOTYPES = YES;
				CLANG_WARN_SUSPICIOUS_MOVE = YES;
				CLANG_WARN_UNGUARDED_AVAILABILITY = YES_AGGRESSIVE;
				CLANG_WARN_UNREACHABLE_CODE = YES;
				CLANG_WARN__DUPLICATE_METHOD_MATCH = YES;
				COPY_PHASE_STRIP = NO;
				DEBUG_INFORMATION_FORMAT = "dwarf-with-dsym";
				ENABLE_NS_ASSERTIONS = NO;
				ENABLE_STRICT_OBJC_MSGSEND = YES;
				GCC_C_LANGUAGE_STANDARD = gnu11;
				GCC_NO_COMMON_BLOCKS = YES;
				GCC_WARN_64_TO_32_BIT_CONVERSION = YES;
				GCC_WARN_ABOUT_RETURN_TYPE = YES_ERROR;
				GCC_WARN_UNDECLARED_SELECTOR = YES;
				GCC_WARN_UNINITIALIZED_AUTOS = YES_AGGRESSIVE;
				GCC_WARN_UNUSED_FUNCTION = YES;
				GCC_WARN_UNUSED_VARIABLE = YES;
				IPHONEOS_DEPLOYMENT_TARGET = 16.2;
				MTL_ENABLE_DEBUG_INFO = NO;
				MTL_FAST_MATH = YES;
				SDKROOT = iphoneos;
				SWIFT_COMPILATION_MODE = wholemodule;
				SWIFT_OPTIMIZATION_LEVEL = "-O";
				VALIDATE_PRODUCT = YES;
			};
			name = Release;
		};
		F01E4F1B2D64FA8E00FD21B4 /* Debug */ = {
			isa = XCBuildConfiguration;
			baseConfigurationReference = 6E8837E3BAC62DA231A1AA4F /* Pods-petProjectWheather.debug.xcconfig */;
			buildSettings = {
				ASSETCATALOG_COMPILER_APPICON_NAME = AppIcon;
				ASSETCATALOG_COMPILER_GLOBAL_ACCENT_COLOR_NAME = AccentColor;
				CODE_SIGN_STYLE = Automatic;
				CURRENT_PROJECT_VERSION = 1;
				DEVELOPMENT_TEAM = 5B5YCZ447N;
				GENERATE_INFOPLIST_FILE = YES;
				INFOPLIST_FILE = petProjectWheather/Info.plist;
				INFOPLIST_KEY_UIApplicationSupportsIndirectInputEvents = YES;
				INFOPLIST_KEY_UILaunchStoryboardName = LaunchScreen;
				INFOPLIST_KEY_UIMainStoryboardFile = Main;
				INFOPLIST_KEY_UISupportedInterfaceOrientations_iPad = "UIInterfaceOrientationPortrait UIInterfaceOrientationPortraitUpsideDown UIInterfaceOrientationLandscapeLeft UIInterfaceOrientationLandscapeRight";
				INFOPLIST_KEY_UISupportedInterfaceOrientations_iPhone = "UIInterfaceOrientationPortrait UIInterfaceOrientationLandscapeLeft UIInterfaceOrientationLandscapeRight";
				LD_RUNPATH_SEARCH_PATHS = (
					"$(inherited)",
					"@executable_path/Frameworks",
				);
				MARKETING_VERSION = 1.0;
				PRODUCT_BUNDLE_IDENTIFIER = self.petProjectWheather;
				PRODUCT_NAME = "$(TARGET_NAME)";
				SUPPORTED_PLATFORMS = "iphoneos iphonesimulator";
				SUPPORTS_MACCATALYST = NO;
				SUPPORTS_MAC_DESIGNED_FOR_IPHONE_IPAD = NO;
				SWIFT_EMIT_LOC_STRINGS = YES;
				SWIFT_VERSION = 5.0;
				TARGETED_DEVICE_FAMILY = "1,2";
			};
			name = Debug;
		};
		F01E4F1C2D64FA8E00FD21B4 /* Release */ = {
			isa = XCBuildConfiguration;
			baseConfigurationReference = 3A34986A31FF1C03A7171580 /* Pods-petProjectWheather.release.xcconfig */;
			buildSettings = {
				ASSETCATALOG_COMPILER_APPICON_NAME = AppIcon;
				ASSETCATALOG_COMPILER_GLOBAL_ACCENT_COLOR_NAME = AccentColor;
				CODE_SIGN_STYLE = Automatic;
				CURRENT_PROJECT_VERSION = 1;
				DEVELOPMENT_TEAM = 5B5YCZ447N;
				GENERATE_INFOPLIST_FILE = YES;
				INFOPLIST_FILE = petProjectWheather/Info.plist;
				INFOPLIST_KEY_UIApplicationSupportsIndirectInputEvents = YES;
				INFOPLIST_KEY_UILaunchStoryboardName = LaunchScreen;
				INFOPLIST_KEY_UIMainStoryboardFile = Main;
				INFOPLIST_KEY_UISupportedInterfaceOrientations_iPad = "UIInterfaceOrientationPortrait UIInterfaceOrientationPortraitUpsideDown UIInterfaceOrientationLandscapeLeft UIInterfaceOrientationLandscapeRight";
				INFOPLIST_KEY_UISupportedInterfaceOrientations_iPhone = "UIInterfaceOrientationPortrait UIInterfaceOrientationLandscapeLeft UIInterfaceOrientationLandscapeRight";
				LD_RUNPATH_SEARCH_PATHS = (
					"$(inherited)",
					"@executable_path/Frameworks",
				);
				MARKETING_VERSION = 1.0;
				PRODUCT_BUNDLE_IDENTIFIER = self.petProjectWheather;
				PRODUCT_NAME = "$(TARGET_NAME)";
				SUPPORTED_PLATFORMS = "iphoneos iphonesimulator";
				SUPPORTS_MACCATALYST = NO;
				SUPPORTS_MAC_DESIGNED_FOR_IPHONE_IPAD = NO;
				SWIFT_EMIT_LOC_STRINGS = YES;
				SWIFT_VERSION = 5.0;
				TARGETED_DEVICE_FAMILY = "1,2";
			};
			name = Release;
		};
		F01E4F1E2D64FA8E00FD21B4 /* Debug */ = {
			isa = XCBuildConfiguration;
			baseConfigurationReference = 6AF4D3F727717E4A75AE7C5C /* Pods-petProjectWheatherTests.debug.xcconfig */;
			buildSettings = {
				ALWAYS_EMBED_SWIFT_STANDARD_LIBRARIES = YES;
				BUNDLE_LOADER = "$(TEST_HOST)";
				CODE_SIGN_STYLE = Automatic;
				CURRENT_PROJECT_VERSION = 1;
				DEVELOPMENT_TEAM = 5B5YCZ447N;
				GENERATE_INFOPLIST_FILE = YES;
				IPHONEOS_DEPLOYMENT_TARGET = 16.2;
				MARKETING_VERSION = 1.0;
				PRODUCT_BUNDLE_IDENTIFIER = self.petProjectWheatherTests;
				PRODUCT_NAME = "$(TARGET_NAME)";
				SWIFT_EMIT_LOC_STRINGS = NO;
				SWIFT_VERSION = 5.0;
				TARGETED_DEVICE_FAMILY = "1,2";
				TEST_HOST = "$(BUILT_PRODUCTS_DIR)/petProjectWheather.app/$(BUNDLE_EXECUTABLE_FOLDER_PATH)/petProjectWheather";
			};
			name = Debug;
		};
		F01E4F1F2D64FA8E00FD21B4 /* Release */ = {
			isa = XCBuildConfiguration;
			baseConfigurationReference = 357894E4222AFCD103E3DB2E /* Pods-petProjectWheatherTests.release.xcconfig */;
			buildSettings = {
				ALWAYS_EMBED_SWIFT_STANDARD_LIBRARIES = YES;
				BUNDLE_LOADER = "$(TEST_HOST)";
				CODE_SIGN_STYLE = Automatic;
				CURRENT_PROJECT_VERSION = 1;
				DEVELOPMENT_TEAM = 5B5YCZ447N;
				GENERATE_INFOPLIST_FILE = YES;
				IPHONEOS_DEPLOYMENT_TARGET = 16.2;
				MARKETING_VERSION = 1.0;
				PRODUCT_BUNDLE_IDENTIFIER = self.petProjectWheatherTests;
				PRODUCT_NAME = "$(TARGET_NAME)";
				SWIFT_EMIT_LOC_STRINGS = NO;
				SWIFT_VERSION = 5.0;
				TARGETED_DEVICE_FAMILY = "1,2";
				TEST_HOST = "$(BUILT_PRODUCTS_DIR)/petProjectWheather.app/$(BUNDLE_EXECUTABLE_FOLDER_PATH)/petProjectWheather";
			};
			name = Release;
		};
		F01E4F212D64FA8E00FD21B4 /* Debug */ = {
			isa = XCBuildConfiguration;
			baseConfigurationReference = 779D51D543E5738DC0EEDABF /* Pods-petProjectWheather-petProjectWheatherUITests.debug.xcconfig */;
			buildSettings = {
				ALWAYS_EMBED_SWIFT_STANDARD_LIBRARIES = YES;
				CODE_SIGN_STYLE = Automatic;
				CURRENT_PROJECT_VERSION = 1;
				DEVELOPMENT_TEAM = 5B5YCZ447N;
				GENERATE_INFOPLIST_FILE = YES;
				MARKETING_VERSION = 1.0;
				PRODUCT_BUNDLE_IDENTIFIER = self.petProjectWheatherUITests;
				PRODUCT_NAME = "$(TARGET_NAME)";
				SWIFT_EMIT_LOC_STRINGS = NO;
				SWIFT_VERSION = 5.0;
				TARGETED_DEVICE_FAMILY = "1,2";
				TEST_TARGET_NAME = petProjectWheather;
			};
			name = Debug;
		};
		F01E4F222D64FA8E00FD21B4 /* Release */ = {
			isa = XCBuildConfiguration;
			baseConfigurationReference = 509C188B1C50D81777FC6EB7 /* Pods-petProjectWheather-petProjectWheatherUITests.release.xcconfig */;
			buildSettings = {
				ALWAYS_EMBED_SWIFT_STANDARD_LIBRARIES = YES;
				CODE_SIGN_STYLE = Automatic;
				CURRENT_PROJECT_VERSION = 1;
				DEVELOPMENT_TEAM = 5B5YCZ447N;
				GENERATE_INFOPLIST_FILE = YES;
				MARKETING_VERSION = 1.0;
				PRODUCT_BUNDLE_IDENTIFIER = self.petProjectWheatherUITests;
				PRODUCT_NAME = "$(TARGET_NAME)";
				SWIFT_EMIT_LOC_STRINGS = NO;
				SWIFT_VERSION = 5.0;
				TARGETED_DEVICE_FAMILY = "1,2";
				TEST_TARGET_NAME = petProjectWheather;
			};
			name = Release;
		};
/* End XCBuildConfiguration section */

/* Begin XCConfigurationList section */
		F01E4EEB2D64FA8800FD21B4 /* Build configuration list for PBXProject "petProjectWheather" */ = {
			isa = XCConfigurationList;
			buildConfigurations = (
				F01E4F182D64FA8E00FD21B4 /* Debug */,
				F01E4F192D64FA8E00FD21B4 /* Release */,
			);
			defaultConfigurationIsVisible = 0;
			defaultConfigurationName = Release;
		};
		F01E4F1A2D64FA8E00FD21B4 /* Build configuration list for PBXNativeTarget "petProjectWheather" */ = {
			isa = XCConfigurationList;
			buildConfigurations = (
				F01E4F1B2D64FA8E00FD21B4 /* Debug */,
				F01E4F1C2D64FA8E00FD21B4 /* Release */,
			);
			defaultConfigurationIsVisible = 0;
			defaultConfigurationName = Release;
		};
		F01E4F1D2D64FA8E00FD21B4 /* Build configuration list for PBXNativeTarget "petProjectWheatherTests" */ = {
			isa = XCConfigurationList;
			buildConfigurations = (
				F01E4F1E2D64FA8E00FD21B4 /* Debug */,
				F01E4F1F2D64FA8E00FD21B4 /* Release */,
			);
			defaultConfigurationIsVisible = 0;
			defaultConfigurationName = Release;
		};
		F01E4F202D64FA8E00FD21B4 /* Build configuration list for PBXNativeTarget "petProjectWheatherUITests" */ = {
			isa = XCConfigurationList;
			buildConfigurations = (
				F01E4F212D64FA8E00FD21B4 /* Debug */,
				F01E4F222D64FA8E00FD21B4 /* Release */,
			);
			defaultConfigurationIsVisible = 0;
			defaultConfigurationName = Release;
		};
/* End XCConfigurationList section */

/* Begin XCRemoteSwiftPackageReference section */
		F0D966032D74B97400F19D8C /* XCRemoteSwiftPackageReference "SnapKit" */ = {
			isa = XCRemoteSwiftPackageReference;
			repositoryURL = "https://github.com/SnapKit/SnapKit";
			requirement = {
				kind = upToNextMajorVersion;
				minimumVersion = 5.0.0;
			};
		};
/* End XCRemoteSwiftPackageReference section */

/* Begin XCSwiftPackageProductDependency section */
		F0D966042D74B97400F19D8C /* SnapKit */ = {
			isa = XCSwiftPackageProductDependency;
			package = F0D966032D74B97400F19D8C /* XCRemoteSwiftPackageReference "SnapKit" */;
			productName = SnapKit;
		};
/* End XCSwiftPackageProductDependency section */
	};
	rootObject = F01E4EE82D64FA8800FD21B4 /* Project object */;
}
